
Microsoft Visual Studio Solution File, Format Version 12.00
# Visual Studio Version 17
VisualStudioVersion = 17.0.31903.59
MinimumVisualStudioVersion = 10.0.40219.1
Project("{FAE04EC0-301F-11D3-BF4B-00C04F79EFBC}") = "ContactosAPI", "ContactosAPI\ContactosAPI.csproj", "{C45419E2-C307-4648-AEFF-40AE70310C40}"
EndProject
Project("{FAE04EC0-301F-11D3-BF4B-00C04F79EFBC}") = "ApiContactos.Tests", "ApiContactos.Tests\ApiContactos.Tests.csproj", "{F0993CEB-81D4-46D5-A8DF-5C7693B3822B}"
EndProject
Global
	GlobalSection(SolutionConfigurationPlatforms) = preSolution
		Debug|Any CPU = Debug|Any CPU
		Release|Any CPU = Release|Any CPU
	EndGlobalSection
	GlobalSection(SolutionProperties) = preSolution
		HideSolutionNode = FALSE
	EndGlobalSection
	GlobalSection(ProjectConfigurationPlatforms) = postSolution
		{C45419E2-C307-4648-AEFF-40AE70310C40}.Debug|Any CPU.ActiveCfg = Debug|Any CPU
		{C45419E2-C307-4648-AEFF-40AE70310C40}.Debug|Any CPU.Build.0 = Debug|Any CPU
		{C45419E2-C307-4648-AEFF-40AE70310C40}.Release|Any CPU.ActiveCfg = Release|Any CPU
		{C45419E2-C307-4648-AEFF-40AE70310C40}.Release|Any CPU.Build.0 = Release|Any CPU
		{F0993CEB-81D4-46D5-A8DF-5C7693B3822B}.Debug|Any CPU.ActiveCfg = Debug|Any CPU
		{F0993CEB-81D4-46D5-A8DF-5C7693B3822B}.Debug|Any CPU.Build.0 = Debug|Any CPU
		{F0993CEB-81D4-46D5-A8DF-5C7693B3822B}.Release|Any CPU.ActiveCfg = Release|Any CPU
		{F0993CEB-81D4-46D5-A8DF-5C7693B3822B}.Release|Any CPU.Build.0 = Release|Any CPU
	EndGlobalSection
EndGlobal
